
Microsoft Visual Studio Solution File, Format Version 12.00
# Visual Studio 15
VisualStudioVersion = 15.0.28307.1267
MinimumVisualStudioVersion = 10.0.40219.1
Project("{FAE04EC0-301F-11D3-BF4B-00C04F79EFBC}") = "UP_Laba3", "UP_Laba3\UP_Laba3.csproj", "{DD905659-E860-466C-81A6-CCF7DA884212}"
EndProject
Global
	GlobalSection(SolutionConfigurationPlatforms) = preSolution
		Debug|Any CPU = Debug|Any CPU
		Release|Any CPU = Release|Any CPU
	EndGlobalSection
	GlobalSection(ProjectConfigurationPlatforms) = postSolution
		{DD905659-E860-466C-81A6-CCF7DA884212}.Debug|Any CPU.ActiveCfg = Debug|Any CPU
		{DD905659-E860-466C-81A6-CCF7DA884212}.Debug|Any CPU.Build.0 = Debug|Any CPU
		{DD905659-E860-466C-81A6-CCF7DA884212}.Release|Any CPU.ActiveCfg = Release|Any CPU
		{DD905659-E860-466C-81A6-CCF7DA884212}.Release|Any CPU.Build.0 = Release|Any CPU
	EndGlobalSection
	GlobalSection(SolutionProperties) = preSolution
		HideSolutionNode = FALSE
	EndGlobalSection
	GlobalSection(ExtensibilityGlobals) = postSolution
		SolutionGuid = {EA228475-221E-43E3-8825-E19AB2C426FA}
	EndGlobalSection
EndGlobal
